github.com/ejsdotsh/yacht-hugo-theme v0.0.0-20230625212452-f40740d0b774 h1:zr4a/GcIZLOGaywt0m4Kqe5PQLDsJHzzsMvPQBN3gec=
github.com/ejsdotsh/yacht-hugo-theme v0.0.0-20230625212452-f40740d0b774/go.mod h1:uc4HgUzaxHjvfjW3wI2JiT8NkLlXC9zsI6g4OVoUGKg=
github.com/ejsdotsh/yacht-hugo-theme v0.0.2 h1:3fVr/BGGK33s4HKy+HfNZxutizIR/lIb1lxTZ5qBW9A=
github.com/ejsdotsh/yacht-hugo-theme v0.0.2/go.mod h1:bHuEC4h3wnAbq0OBzoW19G/dX7jsVy8PrmrMg/7ID5M=
